// !$*UTF8*$!
{
	archiveVersion = 1;
	classes = {
	};
	objectVersion = 55;
	objects = {

/* Begin PBXBuildFile section */
		455D1D8E27F39080004606FA /* SearchTableViewCell.swift in Sources */ = {isa = PBXBuildFile; fileRef = 455D1D8C27F39080004606FA /* SearchTableViewCell.swift */; };
		455D1D8F27F39080004606FA /* SearchTableViewCell.xib in Resources */ = {isa = PBXBuildFile; fileRef = 455D1D8D27F39080004606FA /* SearchTableViewCell.xib */; };
		457916CE27F04081008E4824 /* AppDelegate.swift in Sources */ = {isa = PBXBuildFile; fileRef = 457916CD27F04081008E4824 /* AppDelegate.swift */; };
		457916D027F04081008E4824 /* SceneDelegate.swift in Sources */ = {isa = PBXBuildFile; fileRef = 457916CF27F04081008E4824 /* SceneDelegate.swift */; };
		457916D227F04081008E4824 /* ViewController.swift in Sources */ = {isa = PBXBuildFile; fileRef = 457916D127F04081008E4824 /* ViewController.swift */; };
		457916D727F04082008E4824 /* Assets.xcassets in Resources */ = {isa = PBXBuildFile; fileRef = 457916D627F04082008E4824 /* Assets.xcassets */; };
		457916DA27F04082008E4824 /* LaunchScreen.storyboard in Resources */ = {isa = PBXBuildFile; fileRef = 457916D827F04082008E4824 /* LaunchScreen.storyboard */; };
		457916E527F04A08008E4824 /* Podfile in Resources */ = {isa = PBXBuildFile; fileRef = 457916E427F04A08008E4824 /* Podfile */; };
		457F62C627F240C900477B3B /* SearchTableViewController.swift in Sources */ = {isa = PBXBuildFile; fileRef = 457F62C427F240C900477B3B /* SearchTableViewController.swift */; };
		457F62C727F240C900477B3B /* SearchTableViewController.xib in Resources */ = {isa = PBXBuildFile; fileRef = 457F62C527F240C900477B3B /* SearchTableViewController.xib */; };
		458B45AB27F6393100E2368B /* SearchResults.swift in Sources */ = {isa = PBXBuildFile; fileRef = 458B45AA27F6393100E2368B /* SearchResults.swift */; };
		45EBFC0127F4CF7800E1ED10 /* ApiService.swift in Sources */ = {isa = PBXBuildFile; fileRef = 45EBFC0027F4CF7800E1ED10 /* ApiService.swift */; };
		BC307A86BD89BACA3A7166BB /* Pods_StocksApp.framework in Frameworks */ = {isa = PBXBuildFile; fileRef = C81A8D2EE83F865B96117609 /* Pods_StocksApp.framework */; };
/* End PBXBuildFile section */

/* Begin PBXFileReference section */
		0F0947852676641C122F82C2 /* Pods-StocksApp.release.xcconfig */ = {isa = PBXFileReference; includeInIndex = 1; lastKnownFileType = text.xcconfig; name = "Pods-StocksApp.release.xcconfig"; path = "Target Support Files/Pods-StocksApp/Pods-StocksApp.release.xcconfig"; sourceTree = "<group>"; };
		121081EB4DA5EBDAD8D1255B /* Pods-StocksApp.debug.xcconfig */ = {isa = PBXFileReference; includeInIndex = 1; lastKnownFileType = text.xcconfig; name = "Pods-StocksApp.debug.xcconfig"; path = "Target Support Files/Pods-StocksApp/Pods-StocksApp.debug.xcconfig"; sourceTree = "<group>"; };
		455D1D8C27F39080004606FA /* SearchTableViewCell.swift */ = {isa = PBXFileReference; lastKnownFileType = sourcecode.swift; path = SearchTableViewCell.swift; sourceTree = "<group>"; };
		455D1D8D27F39080004606FA /* SearchTableViewCell.xib */ = {isa = PBXFileReference; lastKnownFileType = file.xib; path = SearchTableViewCell.xib; sourceTree = "<group>"; };
		457916CA27F04081008E4824 /* StocksApp.app */ = {isa = PBXFileReference; explicitFileType = wrapper.application; includeInIndex = 0; path = StocksApp.app; sourceTree = BUILT_PRODUCTS_DIR; };
		457916CD27F04081008E4824 /* AppDelegate.swift */ = {isa = PBXFileReference; lastKnownFileType = sourcecode.swift; path = AppDelegate.swift; sourceTree = "<group>"; };
		457916CF27F04081008E4824 /* SceneDelegate.swift */ = {isa = PBXFileReference; lastKnownFileType = sourcecode.swift; path = SceneDelegate.swift; sourceTree = "<group>"; };
		457916D127F04081008E4824 /* ViewController.swift */ = {isa = PBXFileReference; lastKnownFileType = sourcecode.swift; path = ViewController.swift; sourceTree = "<group>"; };
		457916D627F04082008E4824 /* Assets.xcassets */ = {isa = PBXFileReference; lastKnownFileType = folder.assetcatalog; path = Assets.xcassets; sourceTree = "<group>"; };
		457916D927F04082008E4824 /* Base */ = {isa = PBXFileReference; lastKnownFileType = file.storyboard; name = Base; path = Base.lproj/LaunchScreen.storyboard; sourceTree = "<group>"; };
		457916DB27F04082008E4824 /* Info.plist */ = {isa = PBXFileReference; lastKnownFileType = text.plist.xml; path = Info.plist; sourceTree = "<group>"; };
		457916E427F04A08008E4824 /* Podfile */ = {isa = PBXFileReference; fileEncoding = 4; lastKnownFileType = text; path = Podfile; sourceTree = "<group>"; xcLanguageSpecificationIdentifier = xcode.lang.ruby; };
		457F62C427F240C900477B3B /* SearchTableViewController.swift */ = {isa = PBXFileReference; lastKnownFileType = sourcecode.swift; path = SearchTableViewController.swift; sourceTree = "<group>"; };
		457F62C527F240C900477B3B /* SearchTableViewController.xib */ = {isa = PBXFileReference; lastKnownFileType = file.xib; path = SearchTableViewController.xib; sourceTree = "<group>"; };
		458B45AA27F6393100E2368B /* SearchResults.swift */ = {isa = PBXFileReference; lastKnownFileType = sourcecode.swift; path = SearchResults.swift; sourceTree = "<group>"; };
		45EBFC0027F4CF7800E1ED10 /* ApiService.swift */ = {isa = PBXFileReference; lastKnownFileType = sourcecode.swift; path = ApiService.swift; sourceTree = "<group>"; };
		C81A8D2EE83F865B96117609 /* Pods_StocksApp.framework */ = {isa = PBXFileReference; explicitFileType = wrapper.framework; includeInIndex = 0; path = Pods_StocksApp.framework; sourceTree = BUILT_PRODUCTS_DIR; };
/* End PBXFileReference section */

/* Begin PBXFrameworksBuildPhase section */
		457916C727F04081008E4824 /* Frameworks */ = {
			isa = PBXFrameworksBuildPhase;
			buildActionMask = 2147483647;
			files = (
				BC307A86BD89BACA3A7166BB /* Pods_StocksApp.framework in Frameworks */,
			);
			runOnlyForDeploymentPostprocessing = 0;
		};
/* End PBXFrameworksBuildPhase section */

/* Begin PBXGroup section */
		455D1D8A27F3904D004606FA /* Search */ = {
			isa = PBXGroup;
			children = (
				455D1D8B27F39068004606FA /* Cell */,
				457F62C827F2412E00477B3B /* View */,
			);
			path = Search;
			sourceTree = "<group>";
		};
		455D1D8B27F39068004606FA /* Cell */ = {
			isa = PBXGroup;
			children = (
				455D1D8C27F39080004606FA /* SearchTableViewCell.swift */,
				455D1D8D27F39080004606FA /* SearchTableViewCell.xib */,
			);
			path = Cell;
			sourceTree = "<group>";
		};
		457916C127F04081008E4824 = {
			isa = PBXGroup;
			children = (
				457916CC27F04081008E4824 /* StocksApp */,
				457916CB27F04081008E4824 /* Products */,
				6182904E414A6B5448209236 /* Pods */,
				6DAFBD7D04B460BF67C08058 /* Frameworks */,
				457916E427F04A08008E4824 /* Podfile */,
			);
			sourceTree = "<group>";
		};
		457916CB27F04081008E4824 /* Products */ = {
			isa = PBXGroup;
			children = (
				457916CA27F04081008E4824 /* StocksApp.app */,
			);
			name = Products;
			sourceTree = "<group>";
		};
		457916CC27F04081008E4824 /* StocksApp */ = {
			isa = PBXGroup;
			children = (
				45EBFBFF27F4CF5D00E1ED10 /* Services */,
				457916E127F0443E008E4824 /* App */,
				457916E327F0446A008E4824 /* Screens */,
				457916E227F04455008E4824 /* Settings */,
			);
			path = StocksApp;
			sourceTree = "<group>";
		};
		457916E127F0443E008E4824 /* App */ = {
			isa = PBXGroup;
			children = (
				457916CD27F04081008E4824 /* AppDelegate.swift */,
				457916CF27F04081008E4824 /* SceneDelegate.swift */,
			);
			path = App;
			sourceTree = "<group>";
		};
		457916E227F04455008E4824 /* Settings */ = {
			isa = PBXGroup;
			children = (
				457916D627F04082008E4824 /* Assets.xcassets */,
				457916D827F04082008E4824 /* LaunchScreen.storyboard */,
				457916DB27F04082008E4824 /* Info.plist */,
			);
			path = Settings;
			sourceTree = "<group>";
		};
		457916E327F0446A008E4824 /* Screens */ = {
			isa = PBXGroup;
			children = (
				458B45A927F6392000E2368B /* Models */,
				457916D127F04081008E4824 /* ViewController.swift */,
				455D1D8A27F3904D004606FA /* Search */,
			);
			path = Screens;
			sourceTree = "<group>";
		};
		457F62C827F2412E00477B3B /* View */ = {
			isa = PBXGroup;
			children = (
				457F62C427F240C900477B3B /* SearchTableViewController.swift */,
				457F62C527F240C900477B3B /* SearchTableViewController.xib */,
			);
			path = View;
			sourceTree = "<group>";
		};
		458B45A927F6392000E2368B /* Models */ = {
			isa = PBXGroup;
			children = (
				458B45AA27F6393100E2368B /* SearchResults.swift */,
			);
			path = Models;
			sourceTree = "<group>";
		};
		45EBFBFF27F4CF5D00E1ED10 /* Services */ = {
			isa = PBXGroup;
			children = (
				45EBFC0027F4CF7800E1ED10 /* ApiService.swift */,
			);
			path = Services;
			sourceTree = "<group>";
		};
		6182904E414A6B5448209236 /* Pods */ = {
			isa = PBXGroup;
			children = (
				121081EB4DA5EBDAD8D1255B /* Pods-StocksApp.debug.xcconfig */,
				0F0947852676641C122F82C2 /* Pods-StocksApp.release.xcconfig */,
			);
			path = Pods;
			sourceTree = "<group>";
		};
		6DAFBD7D04B460BF67C08058 /* Frameworks */ = {
			isa = PBXGroup;
			children = (
				C81A8D2EE83F865B96117609 /* Pods_StocksApp.framework */,
			);
			name = Frameworks;
			sourceTree = "<group>";
		};
/* End PBXGroup section */

/* Begin PBXNativeTarget section */
		457916C927F04081008E4824 /* StocksApp */ = {
			isa = PBXNativeTarget;
			buildConfigurationList = 457916DE27F04082008E4824 /* Build configuration list for PBXNativeTarget "StocksApp" */;
			buildPhases = (
				BB39E762D58C950B73D2C1A9 /* [CP] Check Pods Manifest.lock */,
				457916C627F04081008E4824 /* Sources */,
				457916C727F04081008E4824 /* Frameworks */,
				457916C827F04081008E4824 /* Resources */,
				D09EF4E81C23E92F676429C3 /* [CP] Embed Pods Frameworks */,
			);
			buildRules = (
			);
			dependencies = (
			);
			name = StocksApp;
			productName = StocksApp;
			productReference = 457916CA27F04081008E4824 /* StocksApp.app */;
			productType = "com.apple.product-type.application";
		};
/* End PBXNativeTarget section */

/* Begin PBXProject section */
		457916C227F04081008E4824 /* Project object */ = {
			isa = PBXProject;
			attributes = {
				BuildIndependentTargetsInParallel = 1;
				LastSwiftUpdateCheck = 1320;
				LastUpgradeCheck = 1320;
				TargetAttributes = {
					457916C927F04081008E4824 = {
						CreatedOnToolsVersion = 13.2.1;
					};
				};
			};
			buildConfigurationList = 457916C527F04081008E4824 /* Build configuration list for PBXProject "StocksApp" */;
			compatibilityVersion = "Xcode 13.0";
			developmentRegion = en;
			hasScannedForEncodings = 0;
			knownRegions = (
				en,
				Base,
			);
			mainGroup = 457916C127F04081008E4824;
			productRefGroup = 457916CB27F04081008E4824 /* Products */;
			projectDirPath = "";
			projectRoot = "";
			targets = (
				457916C927F04081008E4824 /* StocksApp */,
			);
		};
/* End PBXProject section */

/* Begin PBXResourcesBuildPhase section */
		457916C827F04081008E4824 /* Resources */ = {
			isa = PBXResourcesBuildPhase;
			buildActionMask = 2147483647;
			files = (
				457916E527F04A08008E4824 /* Podfile in Resources */,
				457916DA27F04082008E4824 /* LaunchScreen.storyboard in Resources */,
				457916D727F04082008E4824 /* Assets.xcassets in Resources */,
				457F62C727F240C900477B3B /* SearchTableViewController.xib in Resources */,
				455D1D8F27F39080004606FA /* SearchTableViewCell.xib in Resources */,
			);
			runOnlyForDeploymentPostprocessing = 0;
		};
/* End PBXResourcesBuildPhase section */

/* Begin PBXShellScriptBuildPhase section */
		BB39E762D58C950B73D2C1A9 /* [CP] Check Pods Manifest.lock */ = {
			isa = PBXShellScriptBuildPhase;
			buildActionMask = 2147483647;
			files = (
			);
			inputFileListPaths = (
			);
			inputPaths = (
				"${PODS_PODFILE_DIR_PATH}/Podfile.lock",
				"${PODS_ROOT}/Manifest.lock",
			);
			name = "[CP] Check Pods Manifest.lock";
			outputFileListPaths = (
			);
			outputPaths = (
				"$(DERIVED_FILE_DIR)/Pods-StocksApp-checkManifestLockResult.txt",
			);
			runOnlyForDeploymentPostprocessing = 0;
			shellPath = /bin/sh;
			shellScript = "diff \"${PODS_PODFILE_DIR_PATH}/Podfile.lock\" \"${PODS_ROOT}/Manifest.lock\" > /dev/null\nif [ $? != 0 ] ; then\n    # print error to STDERR\n    echo \"error: The sandbox is not in sync with the Podfile.lock. Run 'pod install' or update your CocoaPods installation.\" >&2\n    exit 1\nfi\n# This output is used by Xcode 'outputs' to avoid re-running this script phase.\necho \"SUCCESS\" > \"${SCRIPT_OUTPUT_FILE_0}\"\n";
			showEnvVarsInLog = 0;
		};
		D09EF4E81C23E92F676429C3 /* [CP] Embed Pods Frameworks */ = {
			isa = PBXShellScriptBuildPhase;
			buildActionMask = 2147483647;
			files = (
			);
			inputFileListPaths = (
				"${PODS_ROOT}/Target Support Files/Pods-StocksApp/Pods-StocksApp-frameworks-${CONFIGURATION}-input-files.xcfilelist",
			);
			name = "[CP] Embed Pods Frameworks";
			outputFileListPaths = (
				"${PODS_ROOT}/Target Support Files/Pods-StocksApp/Pods-StocksApp-frameworks-${CONFIGURATION}-output-files.xcfilelist",
			);
			runOnlyForDeploymentPostprocessing = 0;
			shellPath = /bin/sh;
			shellScript = "\"${PODS_ROOT}/Target Support Files/Pods-StocksApp/Pods-StocksApp-frameworks.sh\"\n";
			showEnvVarsInLog = 0;
		};
/* End PBXShellScriptBuildPhase section */

/* Begin PBXSourcesBuildPhase section */
		457916C627F04081008E4824 /* Sources */ = {
			isa = PBXSourcesBuildPhase;
			buildActionMask = 2147483647;
			files = (
				457916D227F04081008E4824 /* ViewController.swift in Sources */,
				457916CE27F04081008E4824 /* AppDelegate.swift in Sources */,
				45EBFC0127F4CF7800E1ED10 /* ApiService.swift in Sources */,
				457916D027F04081008E4824 /* SceneDelegate.swift in Sources */,
				458B45AB27F6393100E2368B /* SearchResults.swift in Sources */,
				457F62C627F240C900477B3B /* SearchTableViewController.swift in Sources */,
				455D1D8E27F39080004606FA /* SearchTableViewCell.swift in Sources */,
			);
			runOnlyForDeploymentPostprocessing = 0;
		};
/* End PBXSourcesBuildPhase section */

/* Begin PBXVariantGroup section */
		457916D827F04082008E4824 /* LaunchScreen.storyboard */ = {
			isa = PBXVariantGroup;
			children = (
				457916D927F04082008E4824 /* Base */,
			);
			name = LaunchScreen.storyboard;
			sourceTree = "<group>";
		};
/* End PBXVariantGroup section */

/* Begin XCBuildConfiguration section */
		457916DC27F04082008E4824 /* Debug */ = {
			isa = XCBuildConfiguration;
			buildSettings = {
				ALWAYS_SEARCH_USER_PATHS = NO;
				CLANG_ANALYZER_NONNULL = YES;
				CLANG_ANALYZER_NUMBER_OBJECT_CONVERSION = YES_AGGRESSIVE;
				CLANG_CXX_LANGUAGE_STANDARD = "gnu++17";
				CLANG_CXX_LIBRARY = "libc++";
				CLANG_ENABLE_MODULES = YES;
				CLANG_ENABLE_OBJC_ARC = YES;
				CLANG_ENABLE_OBJC_WEAK = YES;
				CLANG_WARN_BLOCK_CAPTURE_AUTORELEASING = YES;
				CLANG_WARN_BOOL_CONVERSION = YES;
				CLANG_WARN_COMMA = YES;
				CLANG_WARN_CONSTANT_CONVERSION = YES;
				CLANG_WARN_DEPRECATED_OBJC_IMPLEMENTATIONS = YES;
				CLANG_WARN_DIRECT_OBJC_ISA_USAGE = YES_ERROR;
				CLANG_WARN_DOCUMENTATION_COMMENTS = YES;
				CLANG_WARN_EMPTY_BODY = YES;
				CLANG_WARN_ENUM_CONVERSION = YES;
				CLANG_WARN_INFINITE_RECURSION = YES;
				CLANG_WARN_INT_CONVERSION = YES;
				CLANG_WARN_NON_LITERAL_NULL_CONVERSION = YES;
				CLANG_WARN_OBJC_IMPLICIT_RETAIN_SELF = YES;
				CLANG_WARN_OBJC_LITERAL_CONVERSION = YES;
				CLANG_WARN_OBJC_ROOT_CLASS = YES_ERROR;
				CLANG_WARN_QUOTED_INCLUDE_IN_FRAMEWORK_HEADER = YES;
				CLANG_WARN_RANGE_LOOP_ANALYSIS = YES;
				CLANG_WARN_STRICT_PROTOTYPES = YES;
				CLANG_WARN_SUSPICIOUS_MOVE = YES;
				CLANG_WARN_UNGUARDED_AVAILABILITY = YES_AGGRESSIVE;
				CLANG_WARN_UNREACHABLE_CODE = YES;
				CLANG_WARN__DUPLICATE_METHOD_MATCH = YES;
				COPY_PHASE_STRIP = NO;
				DEBUG_INFORMATION_FORMAT = dwarf;
				ENABLE_STRICT_OBJC_MSGSEND = YES;
				ENABLE_TESTABILITY = YES;
				GCC_C_LANGUAGE_STANDARD = gnu11;
				GCC_DYNAMIC_NO_PIC = NO;
				GCC_NO_COMMON_BLOCKS = YES;
				GCC_OPTIMIZATION_LEVEL = 0;
				GCC_PREPROCESSOR_DEFINITIONS = (
					"DEBUG=1",
					"$(inherited)",
				);
				GCC_WARN_64_TO_32_BIT_CONVERSION = YES;
				GCC_WARN_ABOUT_RETURN_TYPE = YES_ERROR;
				GCC_WARN_UNDECLARED_SELECTOR = YES;
				GCC_WARN_UNINITIALIZED_AUTOS = YES_AGGRESSIVE;
				GCC_WARN_UNUSED_FUNCTION = YES;
				GCC_WARN_UNUSED_VARIABLE = YES;
				IPHONEOS_DEPLOYMENT_TARGET = 15.2;
				MTL_ENABLE_DEBUG_INFO = INCLUDE_SOURCE;
				MTL_FAST_MATH = YES;
				ONLY_ACTIVE_ARCH = YES;
				SDKROOT = iphoneos;
				SWIFT_ACTIVE_COMPILATION_CONDITIONS = DEBUG;
				SWIFT_OPTIMIZATION_LEVEL = "-Onone";
			};
			name = Debug;
		};
		457916DD27F04082008E4824 /* Release */ = {
			isa = XCBuildConfiguration;
			buildSettings = {
				ALWAYS_SEARCH_USER_PATHS = NO;
				CLANG_ANALYZER_NONNULL = YES;
				CLANG_ANALYZER_NUMBER_OBJECT_CONVERSION = YES_AGGRESSIVE;
				CLANG_CXX_LANGUAGE_STANDARD = "gnu++17";
				CLANG_CXX_LIBRARY = "libc++";
				CLANG_ENABLE_MODULES = YES;
				CLANG_ENABLE_OBJC_ARC = YES;
				CLANG_ENABLE_OBJC_WEAK = YES;
				CLANG_WARN_BLOCK_CAPTURE_AUTORELEASING = YES;
				CLANG_WARN_BOOL_CONVERSION = YES;
				CLANG_WARN_COMMA = YES;
				CLANG_WARN_CONSTANT_CONVERSION = YES;
				CLANG_WARN_DEPRECATED_OBJC_IMPLEMENTATIONS = YES;
				CLANG_WARN_DIRECT_OBJC_ISA_USAGE = YES_ERROR;
				CLANG_WARN_DOCUMENTATION_COMMENTS = YES;
				CLANG_WARN_EMPTY_BODY = YES;
				CLANG_WARN_ENUM_CONVERSION = YES;
				CLANG_WARN_INFINITE_RECURSION = YES;
				CLANG_WARN_INT_CONVERSION = YES;
				CLANG_WARN_NON_LITERAL_NULL_CONVERSION = YES;
				CLANG_WARN_OBJC_IMPLICIT_RETAIN_SELF = YES;
				CLANG_WARN_OBJC_LITERAL_CONVERSION = YES;
				CLANG_WARN_OBJC_ROOT_CLASS = YES_ERROR;
				CLANG_WARN_QUOTED_INCLUDE_IN_FRAMEWORK_HEADER = YES;
				CLANG_WARN_RANGE_LOOP_ANALYSIS = YES;
				CLANG_WARN_STRICT_PROTOTYPES = YES;
				CLANG_WARN_SUSPICIOUS_MOVE = YES;
				CLANG_WARN_UNGUARDED_AVAILABILITY = YES_AGGRESSIVE;
				CLANG_WARN_UNREACHABLE_CODE = YES;
				CLANG_WARN__DUPLICATE_METHOD_MATCH = YES;
				COPY_PHASE_STRIP = NO;
				DEBUG_INFORMATION_FORMAT = "dwarf-with-dsym";
				ENABLE_NS_ASSERTIONS = NO;
				ENABLE_STRICT_OBJC_MSGSEND = YES;
				GCC_C_LANGUAGE_STANDARD = gnu11;
				GCC_NO_COMMON_BLOCKS = YES;
				GCC_WARN_64_TO_32_BIT_CONVERSION = YES;
				GCC_WARN_ABOUT_RETURN_TYPE = YES_ERROR;
				GCC_WARN_UNDECLARED_SELECTOR = YES;
				GCC_WARN_UNINITIALIZED_AUTOS = YES_AGGRESSIVE;
				GCC_WARN_UNUSED_FUNCTION = YES;
				GCC_WARN_UNUSED_VARIABLE = YES;
				IPHONEOS_DEPLOYMENT_TARGET = 15.2;
				MTL_ENABLE_DEBUG_INFO = NO;
				MTL_FAST_MATH = YES;
				SDKROOT = iphoneos;
				SWIFT_COMPILATION_MODE = wholemodule;
				SWIFT_OPTIMIZATION_LEVEL = "-O";
				VALIDATE_PRODUCT = YES;
			};
			name = Release;
		};
		457916DF27F04082008E4824 /* Debug */ = {
			isa = XCBuildConfiguration;
			baseConfigurationReference = 121081EB4DA5EBDAD8D1255B /* Pods-StocksApp.debug.xcconfig */;
			buildSettings = {
				ASSETCATALOG_COMPILER_APPICON_NAME = AppIcon;
				ASSETCATALOG_COMPILER_GLOBAL_ACCENT_COLOR_NAME = AccentColor;
				CODE_SIGN_STYLE = Automatic;
				CURRENT_PROJECT_VERSION = 1;
				GENERATE_INFOPLIST_FILE = YES;
				INFOPLIST_FILE = StocksApp/Settings/Info.plist;
				INFOPLIST_KEY_UIApplicationSupportsIndirectInputEvents = YES;
				INFOPLIST_KEY_UILaunchStoryboardName = LaunchScreen;
				INFOPLIST_KEY_UISupportedInterfaceOrientations_iPad = "UIInterfaceOrientationPortrait UIInterfaceOrientationPortraitUpsideDown UIInterfaceOrientationLandscapeLeft UIInterfaceOrientationLandscapeRight";
				INFOPLIST_KEY_UISupportedInterfaceOrientations_iPhone = "UIInterfaceOrientationPortrait UIInterfaceOrientationLandscapeLeft UIInterfaceOrientationLandscapeRight";
				IPHONEOS_DEPLOYMENT_TARGET = 13.0;
				LD_RUNPATH_SEARCH_PATHS = (
					"$(inherited)",
					"@executable_path/Frameworks",
				);
				MARKETING_VERSION = 1.0;
				PRODUCT_BUNDLE_IDENTIFIER = com.borisbolsh.StocksApp;
				PRODUCT_NAME = "$(TARGET_NAME)";
				SWIFT_EMIT_LOC_STRINGS = YES;
				SWIFT_VERSION = 5.0;
				TARGETED_DEVICE_FAMILY = 1;
			};
			name = Debug;
		};
		457916E027F04082008E4824 /* Release */ = {
			isa = XCBuildConfiguration;
			baseConfigurationReference = 0F0947852676641C122F82C2 /* Pods-StocksApp.release.xcconfig */;
			buildSettings = {
				ASSETCATALOG_COMPILER_APPICON_NAME = AppIcon;
				ASSETCATALOG_COMPILER_GLOBAL_ACCENT_COLOR_NAME = AccentColor;
				CODE_SIGN_STYLE = Automatic;
				CURRENT_PROJECT_VERSION = 1;
				GENERATE_INFOPLIST_FILE = YES;
				INFOPLIST_FILE = StocksApp/Settings/Info.plist;
				INFOPLIST_KEY_UIApplicationSupportsIndirectInputEvents = YES;
				INFOPLIST_KEY_UILaunchStoryboardName = LaunchScreen;
				INFOPLIST_KEY_UISupportedInterfaceOrientations_iPad = "UIInterfaceOrientationPortrait UIInterfaceOrientationPortraitUpsideDown UIInterfaceOrientationLandscapeLeft UIInterfaceOrientationLandscapeRight";
				INFOPLIST_KEY_UISupportedInterfaceOrientations_iPhone = "UIInterfaceOrientationPortrait UIInterfaceOrientationLandscapeLeft UIInterfaceOrientationLandscapeRight";
				IPHONEOS_DEPLOYMENT_TARGET = 13.0;
				LD_RUNPATH_SEARCH_PATHS = (
					"$(inherited)",
					"@executable_path/Frameworks",
				);
				MARKETING_VERSION = 1.0;
				PRODUCT_BUNDLE_IDENTIFIER = com.borisbolsh.StocksApp;
				PRODUCT_NAME = "$(TARGET_NAME)";
				SWIFT_EMIT_LOC_STRINGS = YES;
				SWIFT_VERSION = 5.0;
				TARGETED_DEVICE_FAMILY = 1;
			};
			name = Release;
		};
/* End XCBuildConfiguration section */

/* Begin XCConfigurationList section */
		457916C527F04081008E4824 /* Build configuration list for PBXProject "StocksApp" */ = {
			isa = XCConfigurationList;
			buildConfigurations = (
				457916DC27F04082008E4824 /* Debug */,
				457916DD27F04082008E4824 /* Release */,
			);
			defaultConfigurationIsVisible = 0;
			defaultConfigurationName = Release;
		};
		457916DE27F04082008E4824 /* Build configuration list for PBXNativeTarget "StocksApp" */ = {
			isa = XCConfigurationList;
			buildConfigurations = (
				457916DF27F04082008E4824 /* Debug */,
				457916E027F04082008E4824 /* Release */,
			);
			defaultConfigurationIsVisible = 0;
			defaultConfigurationName = Release;
		};
/* End XCConfigurationList section */
	};
	rootObject = 457916C227F04081008E4824 /* Project object */;
}
